
Microsoft Visual Studio Solution File, Format Version 12.00
# Visual Studio Version 17
VisualStudioVersion = 17.14.36518.9
MinimumVisualStudioVersion = 10.0.40219.1
Project("{FAE04EC0-301F-11D3-BF4B-00C04F79EFBC}") = "Quanlythuvien", "C:\Users\Administrator\source\repos\Quanlythuvien\Quanlythuvien.csproj", "{AF517A50-FFDE-484A-81F2-CB4F7582C836}"
EndProject
Global
	GlobalSection(SolutionConfigurationPlatforms) = preSolution
		Debug|Any CPU = Debug|Any CPU
		Release|Any CPU = Release|Any CPU
	EndGlobalSection
	GlobalSection(ProjectConfigurationPlatforms) = postSolution
		{AF517A50-FFDE-484A-81F2-CB4F7582C836}.Debug|Any CPU.ActiveCfg = Debug|Any CPU
		{AF517A50-FFDE-484A-81F2-CB4F7582C836}.Debug|Any CPU.Build.0 = Debug|Any CPU
		{AF517A50-FFDE-484A-81F2-CB4F7582C836}.Release|Any CPU.ActiveCfg = Release|Any CPU
		{AF517A50-FFDE-484A-81F2-CB4F7582C836}.Release|Any CPU.Build.0 = Release|Any CPU
	EndGlobalSection
	GlobalSection(SolutionProperties) = preSolution
		HideSolutionNode = FALSE
	EndGlobalSection
	GlobalSection(ExtensibilityGlobals) = postSolution
		SolutionGuid = {B197FA01-170E-47F1-A871-8A81420A5D2F}
	EndGlobalSection
EndGlobal
